Microsoft Visual Studio Solution File, Format Version 12.00
# Visual Studio 2012
Project("{FAE04EC0-301F-11D3-BF4B-00C04F79EFBC}") = "GMTK-2021", "GMTK-2021.csproj", "{B7F9587B-B589-4144-A2B4-04AEBFBE4E98}"
EndProject
Global
	GlobalSection(SolutionConfigurationPlatforms) = preSolution
	Debug|Any CPU = Debug|Any CPU
	ExportDebug|Any CPU = ExportDebug|Any CPU
	ExportRelease|Any CPU = ExportRelease|Any CPU
	EndGlobalSection
	GlobalSection(ProjectConfigurationPlatforms) = postSolution
		{B7F9587B-B589-4144-A2B4-04AEBFBE4E98}.Debug|Any CPU.ActiveCfg = Debug|Any CPU
		{B7F9587B-B589-4144-A2B4-04AEBFBE4E98}.Debug|Any CPU.Build.0 = Debug|Any CPU
		{B7F9587B-B589-4144-A2B4-04AEBFBE4E98}.ExportDebug|Any CPU.ActiveCfg = ExportDebug|Any CPU
		{B7F9587B-B589-4144-A2B4-04AEBFBE4E98}.ExportDebug|Any CPU.Build.0 = ExportDebug|Any CPU
		{B7F9587B-B589-4144-A2B4-04AEBFBE4E98}.ExportRelease|Any CPU.ActiveCfg = ExportRelease|Any CPU
		{B7F9587B-B589-4144-A2B4-04AEBFBE4E98}.ExportRelease|Any CPU.Build.0 = ExportRelease|Any CPU
	EndGlobalSection
EndGlobal
